Microsoft Visual Studio Solution File, Format Version 12.00
# Visual Studio Version 17
VisualStudioVersion = 17.5.2.0
MinimumVisualStudioVersion = 10.0.40219.1
Project("{2150E333-8FDC-42A3-9474-1A3956D46DE8}") = "samples", "samples", "{5D20AA90-6969-D8BD-9DCD-8634F4692FDA}"
EndProject
Project("{2150E333-8FDC-42A3-9474-1A3956D46DE8}") = "src", "src", "{827E0CD3-B72D-47B6-A68D-7590B98EB39B}"
EndProject
Project("{2150E333-8FDC-42A3-9474-1A3956D46DE8}") = "test", "test", "{0C88DD14-F956-CE84-757C-A364CCF449FC}"
EndProject
Project("{2150E333-8FDC-42A3-9474-1A3956D46DE8}") = "eng", "eng", "{7525B257-249C-EE79-B10A-65D0BC27ABA9}"
EndProject
Project("{FAE04EC0-301F-11D3-BF4B-00C04F79EFBC}") = "Samples.ServiceDefaults", "samples\ServiceDefaults\Samples.ServiceDefaults.csproj", "{D08809BC-D4C3-F7C8-1C00-151CA8C6E504}"
EndProject
Project("{FAE04EC0-301F-11D3-BF4B-00C04F79EFBC}") = "Aspire.Hosting.IncrementalMigration", "src\Aspire.Hosting.IncrementalMigration\Aspire.Hosting.IncrementalMigration.csproj", "{0D10989D-058E-5684-7828-C5A12A0DC0C2}"
EndProject
Project("{FAE04EC0-301F-11D3-BF4B-00C04F79EFBC}") = "Aspire.Microsoft.AspNetCore.SystemWebAdapters", "src\Aspire.Microsoft.AspNetCore.SystemWebAdapters\Aspire.Microsoft.AspNetCore.SystemWebAdapters.csproj", "{B955861A-DDDE-0D3F-B0AC-3D6CAA95A0A5}"
EndProject
Project("{FAE04EC0-301F-11D3-BF4B-00C04F79EFBC}") = "Microsoft.AspNetCore.SystemWebAdapters", "src\Microsoft.AspNetCore.SystemWebAdapters\Microsoft.AspNetCore.SystemWebAdapters.csproj", "{F53C10BF-CA07-E529-9C4F-A0D48AC6E6AF}"
EndProject
Project("{FAE04EC0-301F-11D3-BF4B-00C04F79EFBC}") = "Microsoft.AspNetCore.SystemWebAdapters.Abstractions", "src\Microsoft.AspNetCore.SystemWebAdapters.Abstractions\Microsoft.AspNetCore.SystemWebAdapters.Abstractions.csproj", "{976208D5-4A7F-9323-4BF5-26868473B754}"
EndProject
Project("{FAE04EC0-301F-11D3-BF4B-00C04F79EFBC}") = "Microsoft.AspNetCore.SystemWebAdapters.Analyzers", "src\Microsoft.AspNetCore.SystemWebAdapters.Analyzers\Microsoft.AspNetCore.SystemWebAdapters.Analyzers.csproj", "{021B3002-EF74-E482-E831-4E942A17327F}"
EndProject
Project("{FAE04EC0-301F-11D3-BF4B-00C04F79EFBC}") = "Microsoft.AspNetCore.SystemWebAdapters.Analyzers.CSharp", "src\Microsoft.AspNetCore.SystemWebAdapters.Analyzers.CSharp\Microsoft.AspNetCore.SystemWebAdapters.Analyzers.CSharp.csproj", "{904FF6F2-0322-9B85-7FBA-C512196D72C2}"
EndProject
Project("{FAE04EC0-301F-11D3-BF4B-00C04F79EFBC}") = "Microsoft.AspNetCore.SystemWebAdapters.CoreServices", "src\Microsoft.AspNetCore.SystemWebAdapters.CoreServices\Microsoft.AspNetCore.SystemWebAdapters.CoreServices.csproj", "{7DB5B9ED-419E-F8ED-8D12-2F7FA736F108}"
EndProject
Project("{FAE04EC0-301F-11D3-BF4B-00C04F79EFBC}") = "Microsoft.AspNetCore.SystemWebAdapters.FrameworkServices", "src\Microsoft.AspNetCore.SystemWebAdapters.FrameworkServices\Microsoft.AspNetCore.SystemWebAdapters.FrameworkServices.csproj", "{3C67C7FD-1B4C-E8C0-34BD-8F9C1D4F053D}"
EndProject
Project("{FAE04EC0-301F-11D3-BF4B-00C04F79EFBC}") = "Microsoft.AspNetCore.SystemWebAdapters.Owin", "src\Microsoft.AspNetCore.SystemWebAdapters.Owin\Microsoft.AspNetCore.SystemWebAdapters.Owin.csproj", "{CC2F012D-2725-FA2C-85AF-B29C703ADA7C}"
EndProject
Project("{FAE04EC0-301F-11D3-BF4B-00C04F79EFBC}") = "Microsoft.AspNetCore.SystemWebAdapters.Apis.Tests", "test\Microsoft.AspNetCore.SystemWebAdapters.Apis.Tests\Microsoft.AspNetCore.SystemWebAdapters.Apis.Tests.csproj", "{F3245D5C-E9CB-9CD4-F4DE-D04BE5FDFC6E}"
EndProject
Project("{FAE04EC0-301F-11D3-BF4B-00C04F79EFBC}") = "Microsoft.AspNetCore.SystemWebAdapters.CoreServices.Tests", "test\Microsoft.AspNetCore.SystemWebAdapters.CoreServices.Tests\Microsoft.AspNetCore.SystemWebAdapters.CoreServices.Tests.csproj", "{9D485CC6-B8F6-167C-4FC4-EF48542A18BA}"
EndProject
Project("{FAE04EC0-301F-11D3-BF4B-00C04F79EFBC}") = "Microsoft.AspNetCore.SystemWebAdapters.E2E.Tests", "test\Microsoft.AspNetCore.SystemWebAdapters.E2E.Tests\Microsoft.AspNetCore.SystemWebAdapters.E2E.Tests.csproj", "{DFA4172D-7457-A613-E1D1-637955249FDF}"
EndProject
Project("{FAE04EC0-301F-11D3-BF4B-00C04F79EFBC}") = "Microsoft.AspNetCore.SystemWebAdapters.FrameworkServices.Tests", "test\Microsoft.AspNetCore.SystemWebAdapters.FrameworkServices.Tests\Microsoft.AspNetCore.SystemWebAdapters.FrameworkServices.Tests.csproj", "{5AD72915-9BA6-819F-17E5-09755D78706B}"
EndProject
Project("{FAE04EC0-301F-11D3-BF4B-00C04F79EFBC}") = "Microsoft.AspNetCore.SystemWebAdapters.NuGet.Tests", "test\Microsoft.AspNetCore.SystemWebAdapters.NuGet.Tests\Microsoft.AspNetCore.SystemWebAdapters.NuGet.Tests.csproj", "{3EEC1355-497C-082E-40AD-D77E7453BE43}"
EndProject
Project("{FAE04EC0-301F-11D3-BF4B-00C04F79EFBC}") = "Microsoft.AspNetCore.SystemWebAdapters.Owin.Tests", "test\Microsoft.AspNetCore.SystemWebAdapters.Owin.Tests\Microsoft.AspNetCore.SystemWebAdapters.Owin.Tests.csproj", "{B4875CD8-40DD-CE8A-F332-4701162AE7CC}"
EndProject
Project("{FAE04EC0-301F-11D3-BF4B-00C04F79EFBC}") = "Microsoft.AspNetCore.SystemWebAdapters.Tests", "test\Microsoft.AspNetCore.SystemWebAdapters.Tests\Microsoft.AspNetCore.SystemWebAdapters.Tests.csproj", "{36D0DA48-CC1F-2986-5EA5-2876A2367A5A}"
EndProject
Project("{2150E333-8FDC-42A3-9474-1A3956D46DE8}") = "common", "common", "{C3C130B5-2C3F-D4B2-E3F3-EC385075C7AB}"
EndProject
Project("{FAE04EC0-301F-11D3-BF4B-00C04F79EFBC}") = "Tools", "eng\common\internal\Tools.csproj", "{4F21FD48-C11F-D5EF-ADE2-1691A92E45C5}"
EndProject
Project("{2150E333-8FDC-42A3-9474-1A3956D46DE8}") = "AppConfig", "AppConfig", "{4D60202A-EA20-C636-0998-F70647FE3443}"
EndProject
Project("{FAE04EC0-301F-11D3-BF4B-00C04F79EFBC}") = "AppConfigAppHost", "samples\AppConfig\AppConfigAppHost\AppConfigAppHost.csproj", "{16A9239C-ADC1-B9FA-8C50-081E2A420B5B}"
EndProject
Project("{FAE04EC0-301F-11D3-BF4B-00C04F79EFBC}") = "AppConfigCore", "samples\AppConfig\AppConfigCore\AppConfigCore.csproj", "{6ECA1F1C-214B-BB97-27D7-319C7F1AD90F}"
EndProject
Project("{FAE04EC0-301F-11D3-BF4B-00C04F79EFBC}") = "AppConfigFramework", "samples\AppConfig\AppConfigFramework\AppConfigFramework.csproj", "{90FE21BE-F292-A973-D281-9D4DC81CEB6F}"
EndProject
Project("{2150E333-8FDC-42A3-9474-1A3956D46DE8}") = "AuthRemoteFormsAuth", "AuthRemoteFormsAuth", "{8E145179-864B-8E51-B854-ACF2C62D562F}"
EndProject
Project("{FAE04EC0-301F-11D3-BF4B-00C04F79EFBC}") = "AuthRemoteFormsAuthAppHost", "samples\AuthRemoteFormsAuth\AuthRemoteFormsAuthAppHost\AuthRemoteFormsAuthAppHost.csproj", "{9CEBB587-18F1-D50F-52CB-2D9C879D0A89}"
EndProject
Project("{FAE04EC0-301F-11D3-BF4B-00C04F79EFBC}") = "AuthRemoteFormsAuthCore", "samples\AuthRemoteFormsAuth\AuthRemoteFormsAuthCore\AuthRemoteFormsAuthCore.csproj", "{D3C37DE2-4669-7ECB-A0BD-822CC36A603F}"
EndProject
Project("{FAE04EC0-301F-11D3-BF4B-00C04F79EFBC}") = "AuthRemoteFormsAuthFramework", "samples\AuthRemoteFormsAuth\AuthRemoteFormsAuthFramework\AuthRemoteFormsAuthFramework.csproj", "{5715184D-1300-3618-330F-0E22ED7B1ADA}"
EndProject
Project("{2150E333-8FDC-42A3-9474-1A3956D46DE8}") = "AuthRemoteIdentity", "AuthRemoteIdentity", "{225877F4-7ED7-6BAE-8357-39C27F3487E1}"
EndProject
Project("{FAE04EC0-301F-11D3-BF4B-00C04F79EFBC}") = "AuthRemoteIdentityAppHost", "samples\AuthRemoteIdentity\AuthRemoteIdentityAppHost\AuthRemoteIdentityAppHost.csproj", "{C933B132-CA96-B90E-C0C4-4E66251997D4}"
EndProject
Project("{FAE04EC0-301F-11D3-BF4B-00C04F79EFBC}") = "AuthRemoteIdentityCore", "samples\AuthRemoteIdentity\AuthRemoteIdentityCore\AuthRemoteIdentityCore.csproj", "{3765973D-97FF-B362-2867-ABE8473A7187}"
EndProject
Project("{FAE04EC0-301F-11D3-BF4B-00C04F79EFBC}") = "AuthRemoteIdentityFramework", "samples\AuthRemoteIdentity\AuthRemoteIdentityFramework\AuthRemoteIdentityFramework.csproj", "{86814300-B764-EB1D-C84D-ADAEF46AE2D6}"
EndProject
Project("{2150E333-8FDC-42A3-9474-1A3956D46DE8}") = "AuthWindows", "AuthWindows", "{F3642508-64A7-0C2E-6595-139D61E50AE0}"
EndProject
Project("{FAE04EC0-301F-11D3-BF4B-00C04F79EFBC}") = "AuthWindowsCore", "samples\AuthWindows\AuthWindowsCore\AuthWindowsCore.csproj", "{64B09008-C9CB-BAEC-2AE1-616E6BE9880B}"
EndProject
Project("{2150E333-8FDC-42A3-9474-1A3956D46DE8}") = "DependencyInjection", "DependencyInjection", "{829D7EBE-3B2A-5477-F121-90BD3F3F88AB}"
EndProject
Project("{FAE04EC0-301F-11D3-BF4B-00C04F79EFBC}") = "DependencyInjectionAppHost", "samples\DependencyInjection\DependencyInjectionAppHost\DependencyInjectionAppHost.csproj", "{B447F0F6-B232-D326-334B-0095BA74F988}"
EndProject
Project("{FAE04EC0-301F-11D3-BF4B-00C04F79EFBC}") = "DependencyInjectionFramework", "samples\DependencyInjection\DependencyInjectionFramework\DependencyInjectionFramework.csproj", "{4A2022AB-1ECE-E630-FD48-DD045DB4DD9F}"
EndProject
Project("{2150E333-8FDC-42A3-9474-1A3956D46DE8}") = "MachineKey", "MachineKey", "{0ED8A308-64C3-18EF-9A3A-C3C73DE39227}"
EndProject
Project("{FAE04EC0-301F-11D3-BF4B-00C04F79EFBC}") = "MachineKeyAppHost", "samples\MachineKey\MachineKeyAppHost\MachineKeyAppHost.csproj", "{4FDC313D-1CF6-B330-3340-D3A2A4B729CE}"
EndProject
Project("{FAE04EC0-301F-11D3-BF4B-00C04F79EFBC}") = "MachineKeyCore", "samples\MachineKey\MachineKeyCore\MachineKeyCore.csproj", "{2A17C764-A4BE-B144-2B67-42F7F5424790}"
EndProject
Project("{FAE04EC0-301F-11D3-BF4B-00C04F79EFBC}") = "MachineKeyFramework", "samples\MachineKey\MachineKeyFramework\MachineKeyFramework.csproj", "{8F40BFC4-3E93-4434-BC26-564ED79040ED}"
EndProject
Project("{FAE04EC0-301F-11D3-BF4B-00C04F79EFBC}") = "MachineKeyShared", "samples\MachineKey\MachineKeyShared\MachineKeyShared.csproj", "{001BF7F2-E449-E8D7-0203-2BB6ED5F3308}"
EndProject
Project("{2150E333-8FDC-42A3-9474-1A3956D46DE8}") = "Modules", "Modules", "{1AFEAC10-AAE3-4B95-9B77-C1FA491285AF}"
EndProject
Project("{FAE04EC0-301F-11D3-BF4B-00C04F79EFBC}") = "ModulesAppHost", "samples\Modules\ModulesAppHost\ModulesAppHost.csproj", "{732062E0-EDD3-3CFC-1BA1-A10FA40D2622}"
EndProject
Project("{FAE04EC0-301F-11D3-BF4B-00C04F79EFBC}") = "ModulesCore", "samples\Modules\ModulesCore\ModulesCore.csproj", "{FBC0C648-B24C-4E59-A40F-27488D71E62C}"
EndProject
Project("{FAE04EC0-301F-11D3-BF4B-00C04F79EFBC}") = "ModulesFramework", "samples\Modules\ModulesFramework\ModulesFramework.csproj", "{77189EBA-C7BE-6C01-24CF-62DD62E8A03A}"
EndProject
Project("{FAE04EC0-301F-11D3-BF4B-00C04F79EFBC}") = "ModulesLibrary", "samples\Modules\ModulesLibrary\ModulesLibrary.csproj", "{DBC729DD-3368-DC61-6288-7158743E69AF}"
EndProject
Project("{2150E333-8FDC-42A3-9474-1A3956D46DE8}") = "SessionLocal", "SessionLocal", "{F3248EA8-96B9-1B1F-8FA1-67D30F003377}"
EndProject
Project("{FAE04EC0-301F-11D3-BF4B-00C04F79EFBC}") = "SessionLocalCore", "samples\SessionLocal\SessionLocalCore\SessionLocalCore.csproj", "{FD3366AD-A996-FFD3-5836-5C997307E72D}"
EndProject
Project("{FAE04EC0-301F-11D3-BF4B-00C04F79EFBC}") = "SessionLocalLibrary", "samples\SessionLocal\SessionLocalLibrary\SessionLocalLibrary.csproj", "{548F9283-948E-A225-25F9-E626DB27587A}"
EndProject
Project("{2150E333-8FDC-42A3-9474-1A3956D46DE8}") = "SessionRemote", "SessionRemote", "{8F39075E-3C37-879A-6D9E-EF2C15DBB237}"
EndProject
Project("{FAE04EC0-301F-11D3-BF4B-00C04F79EFBC}") = "SessionRemoteAppHost", "samples\SessionRemote\SessionRemoteAppHost\SessionRemoteAppHost.csproj", "{6C3B0EEA-CDD2-D218-9767-4A5E923F295A}"
EndProject
Project("{FAE04EC0-301F-11D3-BF4B-00C04F79EFBC}") = "SessionRemoteCore", "samples\SessionRemote\SessionRemoteCore\SessionRemoteCore.csproj", "{F44780F7-551C-E783-2931-EE3C3B5B380D}"
EndProject
Project("{FAE04EC0-301F-11D3-BF4B-00C04F79EFBC}") = "SessionRemoteFramework", "samples\SessionRemote\SessionRemoteFramework\SessionRemoteFramework.csproj", "{40CD644D-3035-EC55-1DC4-D27A21AF979E}"
EndProject
Project("{2150E333-8FDC-42A3-9474-1A3956D46DE8}") = "WebFormsToBlazor", "WebFormsToBlazor", "{95FB68F2-2C6E-CBD9-FDFD-45752B635FB2}"
EndProject
Project("{FAE04EC0-301F-11D3-BF4B-00C04F79EFBC}") = "WebFormsToBlazorAppHost", "samples\WebFormsToBlazor\WebFormsToBlazorAppHost\WebFormsToBlazorAppHost.csproj", "{3D9D340C-E529-03EC-30B6-2BE0E5C59B5C}"
EndProject
Project("{FAE04EC0-301F-11D3-BF4B-00C04F79EFBC}") = "WebFormsToBlazorCore", "samples\WebFormsToBlazor\WebFormsToBlazorCore\WebFormsToBlazorCore.csproj", "{1BAA2EA3-D65E-9A62-83DA-2F5A7CBC377A}"
EndProject
Project("{FAE04EC0-301F-11D3-BF4B-00C04F79EFBC}") = "WebFormsToBlazorFramework", "samples\WebFormsToBlazor\WebFormsToBlazorFramework\WebFormsToBlazorFramework.csproj", "{66762DAD-7371-5788-D93C-15E0C38463AC}"
EndProject
Global
	GlobalSection(SolutionConfigurationPlatforms) = preSolution
		Debug|Any CPU = Debug|Any CPU
		Release|Any CPU = Release|Any CPU
	EndGlobalSection
	GlobalSection(ProjectConfigurationPlatforms) = postSolution
		{D08809BC-D4C3-F7C8-1C00-151CA8C6E504}.Debug|Any CPU.ActiveCfg = Debug|Any CPU
		{D08809BC-D4C3-F7C8-1C00-151CA8C6E504}.Debug|Any CPU.Build.0 = Debug|Any CPU
		{D08809BC-D4C3-F7C8-1C00-151CA8C6E504}.Release|Any CPU.ActiveCfg = Release|Any CPU
		{D08809BC-D4C3-F7C8-1C00-151CA8C6E504}.Release|Any CPU.Build.0 = Release|Any CPU
		{0D10989D-058E-5684-7828-C5A12A0DC0C2}.Debug|Any CPU.ActiveCfg = Debug|Any CPU
		{0D10989D-058E-5684-7828-C5A12A0DC0C2}.Debug|Any CPU.Build.0 = Debug|Any CPU
		{0D10989D-058E-5684-7828-C5A12A0DC0C2}.Release|Any CPU.ActiveCfg = Release|Any CPU
		{0D10989D-058E-5684-7828-C5A12A0DC0C2}.Release|Any CPU.Build.0 = Release|Any CPU
		{B955861A-DDDE-0D3F-B0AC-3D6CAA95A0A5}.Debug|Any CPU.ActiveCfg = Debug|Any CPU
		{B955861A-DDDE-0D3F-B0AC-3D6CAA95A0A5}.Debug|Any CPU.Build.0 = Debug|Any CPU
		{B955861A-DDDE-0D3F-B0AC-3D6CAA95A0A5}.Release|Any CPU.ActiveCfg = Release|Any CPU
		{B955861A-DDDE-0D3F-B0AC-3D6CAA95A0A5}.Release|Any CPU.Build.0 = Release|Any CPU
		{F53C10BF-CA07-E529-9C4F-A0D48AC6E6AF}.Debug|Any CPU.ActiveCfg = Debug|Any CPU
		{F53C10BF-CA07-E529-9C4F-A0D48AC6E6AF}.Debug|Any CPU.Build.0 = Debug|Any CPU
		{F53C10BF-CA07-E529-9C4F-A0D48AC6E6AF}.Release|Any CPU.ActiveCfg = Release|Any CPU
		{F53C10BF-CA07-E529-9C4F-A0D48AC6E6AF}.Release|Any CPU.Build.0 = Release|Any CPU
		{976208D5-4A7F-9323-4BF5-26868473B754}.Debug|Any CPU.ActiveCfg = Debug|Any CPU
		{976208D5-4A7F-9323-4BF5-26868473B754}.Debug|Any CPU.Build.0 = Debug|Any CPU
		{976208D5-4A7F-9323-4BF5-26868473B754}.Release|Any CPU.ActiveCfg = Release|Any CPU
		{976208D5-4A7F-9323-4BF5-26868473B754}.Release|Any CPU.Build.0 = Release|Any CPU
		{021B3002-EF74-E482-E831-4E942A17327F}.Debug|Any CPU.ActiveCfg = Debug|Any CPU
		{021B3002-EF74-E482-E831-4E942A17327F}.Debug|Any CPU.Build.0 = Debug|Any CPU
		{021B3002-EF74-E482-E831-4E942A17327F}.Release|Any CPU.ActiveCfg = Release|Any CPU
		{021B3002-EF74-E482-E831-4E942A17327F}.Release|Any CPU.Build.0 = Release|Any CPU
		{904FF6F2-0322-9B85-7FBA-C512196D72C2}.Debug|Any CPU.ActiveCfg = Debug|Any CPU
		{904FF6F2-0322-9B85-7FBA-C512196D72C2}.Debug|Any CPU.Build.0 = Debug|Any CPU
		{904FF6F2-0322-9B85-7FBA-C512196D72C2}.Release|Any CPU.ActiveCfg = Release|Any CPU
		{904FF6F2-0322-9B85-7FBA-C512196D72C2}.Release|Any CPU.Build.0 = Release|Any CPU
		{7DB5B9ED-419E-F8ED-8D12-2F7FA736F108}.Debug|Any CPU.ActiveCfg = Debug|Any CPU
		{7DB5B9ED-419E-F8ED-8D12-2F7FA736F108}.Debug|Any CPU.Build.0 = Debug|Any CPU
		{7DB5B9ED-419E-F8ED-8D12-2F7FA736F108}.Release|Any CPU.ActiveCfg = Release|Any CPU
		{7DB5B9ED-419E-F8ED-8D12-2F7FA736F108}.Release|Any CPU.Build.0 = Release|Any CPU
		{3C67C7FD-1B4C-E8C0-34BD-8F9C1D4F053D}.Debug|Any CPU.ActiveCfg = Debug|Any CPU
		{3C67C7FD-1B4C-E8C0-34BD-8F9C1D4F053D}.Debug|Any CPU.Build.0 = Debug|Any CPU
		{3C67C7FD-1B4C-E8C0-34BD-8F9C1D4F053D}.Release|Any CPU.ActiveCfg = Release|Any CPU
		{3C67C7FD-1B4C-E8C0-34BD-8F9C1D4F053D}.Release|Any CPU.Build.0 = Release|Any CPU
		{CC2F012D-2725-FA2C-85AF-B29C703ADA7C}.Debug|Any CPU.ActiveCfg = Debug|Any CPU
		{CC2F012D-2725-FA2C-85AF-B29C703ADA7C}.Debug|Any CPU.Build.0 = Debug|Any CPU
		{CC2F012D-2725-FA2C-85AF-B29C703ADA7C}.Release|Any CPU.ActiveCfg = Release|Any CPU
		{CC2F012D-2725-FA2C-85AF-B29C703ADA7C}.Release|Any CPU.Build.0 = Release|Any CPU
		{F3245D5C-E9CB-9CD4-F4DE-D04BE5FDFC6E}.Debug|Any CPU.ActiveCfg = Debug|Any CPU
		{F3245D5C-E9CB-9CD4-F4DE-D04BE5FDFC6E}.Debug|Any CPU.Build.0 = Debug|Any CPU
		{F3245D5C-E9CB-9CD4-F4DE-D04BE5FDFC6E}.Release|Any CPU.ActiveCfg = Release|Any CPU
		{F3245D5C-E9CB-9CD4-F4DE-D04BE5FDFC6E}.Release|Any CPU.Build.0 = Release|Any CPU
		{9D485CC6-B8F6-167C-4FC4-EF48542A18BA}.Debug|Any CPU.ActiveCfg = Debug|Any CPU
		{9D485CC6-B8F6-167C-4FC4-EF48542A18BA}.Debug|Any CPU.Build.0 = Debug|Any CPU
		{9D485CC6-B8F6-167C-4FC4-EF48542A18BA}.Release|Any CPU.ActiveCfg = Release|Any CPU
		{9D485CC6-B8F6-167C-4FC4-EF48542A18BA}.Release|Any CPU.Build.0 = Release|Any CPU
		{DFA4172D-7457-A613-E1D1-637955249FDF}.Debug|Any CPU.ActiveCfg = Debug|Any CPU
		{DFA4172D-7457-A613-E1D1-637955249FDF}.Debug|Any CPU.Build.0 = Debug|Any CPU
		{DFA4172D-7457-A613-E1D1-637955249FDF}.Release|Any CPU.ActiveCfg = Release|Any CPU
		{DFA4172D-7457-A613-E1D1-637955249FDF}.Release|Any CPU.Build.0 = Release|Any CPU
		{5AD72915-9BA6-819F-17E5-09755D78706B}.Debug|Any CPU.ActiveCfg = Debug|Any CPU
		{5AD72915-9BA6-819F-17E5-09755D78706B}.Debug|Any CPU.Build.0 = Debug|Any CPU
		{5AD72915-9BA6-819F-17E5-09755D78706B}.Release|Any CPU.ActiveCfg = Release|Any CPU
		{5AD72915-9BA6-819F-17E5-09755D78706B}.Release|Any CPU.Build.0 = Release|Any CPU
		{3EEC1355-497C-082E-40AD-D77E7453BE43}.Debug|Any CPU.ActiveCfg = Debug|Any CPU
		{3EEC1355-497C-082E-40AD-D77E7453BE43}.Debug|Any CPU.Build.0 = Debug|Any CPU
		{3EEC1355-497C-082E-40AD-D77E7453BE43}.Release|Any CPU.ActiveCfg = Release|Any CPU
		{3EEC1355-497C-082E-40AD-D77E7453BE43}.Release|Any CPU.Build.0 = Release|Any CPU
		{B4875CD8-40DD-CE8A-F332-4701162AE7CC}.Debug|Any CPU.ActiveCfg = Debug|Any CPU
		{B4875CD8-40DD-CE8A-F332-4701162AE7CC}.Debug|Any CPU.Build.0 = Debug|Any CPU
		{B4875CD8-40DD-CE8A-F332-4701162AE7CC}.Release|Any CPU.ActiveCfg = Release|Any CPU
		{B4875CD8-40DD-CE8A-F332-4701162AE7CC}.Release|Any CPU.Build.0 = Release|Any CPU
		{36D0DA48-CC1F-2986-5EA5-2876A2367A5A}.Debug|Any CPU.ActiveCfg = Debug|Any CPU
		{36D0DA48-CC1F-2986-5EA5-2876A2367A5A}.Debug|Any CPU.Build.0 = Debug|Any CPU
		{36D0DA48-CC1F-2986-5EA5-2876A2367A5A}.Release|Any CPU.ActiveCfg = Release|Any CPU
		{36D0DA48-CC1F-2986-5EA5-2876A2367A5A}.Release|Any CPU.Build.0 = Release|Any CPU
		{4F21FD48-C11F-D5EF-ADE2-1691A92E45C5}.Debug|Any CPU.ActiveCfg = Debug|Any CPU
		{4F21FD48-C11F-D5EF-ADE2-1691A92E45C5}.Debug|Any CPU.Build.0 = Debug|Any CPU
		{4F21FD48-C11F-D5EF-ADE2-1691A92E45C5}.Release|Any CPU.ActiveCfg = Release|Any CPU
		{4F21FD48-C11F-D5EF-ADE2-1691A92E45C5}.Release|Any CPU.Build.0 = Release|Any CPU
		{16A9239C-ADC1-B9FA-8C50-081E2A420B5B}.Debug|Any CPU.ActiveCfg = Debug|Any CPU
		{16A9239C-ADC1-B9FA-8C50-081E2A420B5B}.Debug|Any CPU.Build.0 = Debug|Any CPU
		{16A9239C-ADC1-B9FA-8C50-081E2A420B5B}.Release|Any CPU.ActiveCfg = Release|Any CPU
		{16A9239C-ADC1-B9FA-8C50-081E2A420B5B}.Release|Any CPU.Build.0 = Release|Any CPU
		{6ECA1F1C-214B-BB97-27D7-319C7F1AD90F}.Debug|Any CPU.ActiveCfg = Debug|Any CPU
		{6ECA1F1C-214B-BB97-27D7-319C7F1AD90F}.Debug|Any CPU.Build.0 = Debug|Any CPU
		{6ECA1F1C-214B-BB97-27D7-319C7F1AD90F}.Release|Any CPU.ActiveCfg = Release|Any CPU
		{6ECA1F1C-214B-BB97-27D7-319C7F1AD90F}.Release|Any CPU.Build.0 = Release|Any CPU
		{90FE21BE-F292-A973-D281-9D4DC81CEB6F}.Debug|Any CPU.ActiveCfg = Debug|Any CPU
		{90FE21BE-F292-A973-D281-9D4DC81CEB6F}.Debug|Any CPU.Build.0 = Debug|Any CPU
		{90FE21BE-F292-A973-D281-9D4DC81CEB6F}.Release|Any CPU.ActiveCfg = Release|Any CPU
		{90FE21BE-F292-A973-D281-9D4DC81CEB6F}.Release|Any CPU.Build.0 = Release|Any CPU
		{9CEBB587-18F1-D50F-52CB-2D9C879D0A89}.Debug|Any CPU.ActiveCfg = Debug|Any CPU
		{9CEBB587-18F1-D50F-52CB-2D9C879D0A89}.Debug|Any CPU.Build.0 = Debug|Any CPU
		{9CEBB587-18F1-D50F-52CB-2D9C879D0A89}.Release|Any CPU.ActiveCfg = Release|Any CPU
		{9CEBB587-18F1-D50F-52CB-2D9C879D0A89}.Release|Any CPU.Build.0 = Release|Any CPU
		{D3C37DE2-4669-7ECB-A0BD-822CC36A603F}.Debug|Any CPU.ActiveCfg = Debug|Any CPU
		{D3C37DE2-4669-7ECB-A0BD-822CC36A603F}.Debug|Any CPU.Build.0 = Debug|Any CPU
		{D3C37DE2-4669-7ECB-A0BD-822CC36A603F}.Release|Any CPU.ActiveCfg = Release|Any CPU
		{D3C37DE2-4669-7ECB-A0BD-822CC36A603F}.Release|Any CPU.Build.0 = Release|Any CPU
		{5715184D-1300-3618-330F-0E22ED7B1ADA}.Debug|Any CPU.ActiveCfg = Debug|Any CPU
		{5715184D-1300-3618-330F-0E22ED7B1ADA}.Debug|Any CPU.Build.0 = Debug|Any CPU
		{5715184D-1300-3618-330F-0E22ED7B1ADA}.Release|Any CPU.ActiveCfg = Release|Any CPU
		{5715184D-1300-3618-330F-0E22ED7B1ADA}.Release|Any CPU.Build.0 = Release|Any CPU
		{C933B132-CA96-B90E-C0C4-4E66251997D4}.Debug|Any CPU.ActiveCfg = Debug|Any CPU
		{C933B132-CA96-B90E-C0C4-4E66251997D4}.Debug|Any CPU.Build.0 = Debug|Any CPU
		{C933B132-CA96-B90E-C0C4-4E66251997D4}.Release|Any CPU.ActiveCfg = Release|Any CPU
		{C933B132-CA96-B90E-C0C4-4E66251997D4}.Release|Any CPU.Build.0 = Release|Any CPU
		{3765973D-97FF-B362-2867-ABE8473A7187}.Debug|Any CPU.ActiveCfg = Debug|Any CPU
		{3765973D-97FF-B362-2867-ABE8473A7187}.Debug|Any CPU.Build.0 = Debug|Any CPU
		{3765973D-97FF-B362-2867-ABE8473A7187}.Release|Any CPU.ActiveCfg = Release|Any CPU
		{3765973D-97FF-B362-2867-ABE8473A7187}.Release|Any CPU.Build.0 = Release|Any CPU
		{86814300-B764-EB1D-C84D-ADAEF46AE2D6}.Debug|Any CPU.ActiveCfg = Debug|Any CPU
		{86814300-B764-EB1D-C84D-ADAEF46AE2D6}.Debug|Any CPU.Build.0 = Debug|Any CPU
		{86814300-B764-EB1D-C84D-ADAEF46AE2D6}.Release|Any CPU.ActiveCfg = Release|Any CPU
		{86814300-B764-EB1D-C84D-ADAEF46AE2D6}.Release|Any CPU.Build.0 = Release|Any CPU
		{64B09008-C9CB-BAEC-2AE1-616E6BE9880B}.Debug|Any CPU.ActiveCfg = Debug|Any CPU
		{64B09008-C9CB-BAEC-2AE1-616E6BE9880B}.Debug|Any CPU.Build.0 = Debug|Any CPU
		{64B09008-C9CB-BAEC-2AE1-616E6BE9880B}.Release|Any CPU.ActiveCfg = Release|Any CPU
		{64B09008-C9CB-BAEC-2AE1-616E6BE9880B}.Release|Any CPU.Build.0 = Release|Any CPU
		{B447F0F6-B232-D326-334B-0095BA74F988}.Debug|Any CPU.ActiveCfg = Debug|Any CPU
		{B447F0F6-B232-D326-334B-0095BA74F988}.Debug|Any CPU.Build.0 = Debug|Any CPU
		{B447F0F6-B232-D326-334B-0095BA74F988}.Release|Any CPU.ActiveCfg = Release|Any CPU
		{B447F0F6-B232-D326-334B-0095BA74F988}.Release|Any CPU.Build.0 = Release|Any CPU
		{4A2022AB-1ECE-E630-FD48-DD045DB4DD9F}.Debug|Any CPU.ActiveCfg = Debug|Any CPU
		{4A2022AB-1ECE-E630-FD48-DD045DB4DD9F}.Debug|Any CPU.Build.0 = Debug|Any CPU
		{4A2022AB-1ECE-E630-FD48-DD045DB4DD9F}.Release|Any CPU.ActiveCfg = Release|Any CPU
		{4A2022AB-1ECE-E630-FD48-DD045DB4DD9F}.Release|Any CPU.Build.0 = Release|Any CPU
		{4FDC313D-1CF6-B330-3340-D3A2A4B729CE}.Debug|Any CPU.ActiveCfg = Debug|Any CPU
		{4FDC313D-1CF6-B330-3340-D3A2A4B729CE}.Debug|Any CPU.Build.0 = Debug|Any CPU
		{4FDC313D-1CF6-B330-3340-D3A2A4B729CE}.Release|Any CPU.ActiveCfg = Release|Any CPU
		{4FDC313D-1CF6-B330-3340-D3A2A4B729CE}.Release|Any CPU.Build.0 = Release|Any CPU
		{2A17C764-A4BE-B144-2B67-42F7F5424790}.Debug|Any CPU.ActiveCfg = Debug|Any CPU
		{2A17C764-A4BE-B144-2B67-42F7F5424790}.Debug|Any CPU.Build.0 = Debug|Any CPU
		{2A17C764-A4BE-B144-2B67-42F7F5424790}.Release|Any CPU.ActiveCfg = Release|Any CPU
		{2A17C764-A4BE-B144-2B67-42F7F5424790}.Release|Any CPU.Build.0 = Release|Any CPU
		{8F40BFC4-3E93-4434-BC26-564ED79040ED}.Debug|Any CPU.ActiveCfg = Debug|Any CPU
		{8F40BFC4-3E93-4434-BC26-564ED79040ED}.Debug|Any CPU.Build.0 = Debug|Any CPU
		{8F40BFC4-3E93-4434-BC26-564ED79040ED}.Release|Any CPU.ActiveCfg = Release|Any CPU
		{8F40BFC4-3E93-4434-BC26-564ED79040ED}.Release|Any CPU.Build.0 = Release|Any CPU
		{001BF7F2-E449-E8D7-0203-2BB6ED5F3308}.Debug|Any CPU.ActiveCfg = Debug|Any CPU
		{001BF7F2-E449-E8D7-0203-2BB6ED5F3308}.Debug|Any CPU.Build.0 = Debug|Any CPU
		{001BF7F2-E449-E8D7-0203-2BB6ED5F3308}.Release|Any CPU.ActiveCfg = Release|Any CPU
		{001BF7F2-E449-E8D7-0203-2BB6ED5F3308}.Release|Any CPU.Build.0 = Release|Any CPU
		{732062E0-EDD3-3CFC-1BA1-A10FA40D2622}.Debug|Any CPU.ActiveCfg = Debug|Any CPU
		{732062E0-EDD3-3CFC-1BA1-A10FA40D2622}.Debug|Any CPU.Build.0 = Debug|Any CPU
		{732062E0-EDD3-3CFC-1BA1-A10FA40D2622}.Release|Any CPU.ActiveCfg = Release|Any CPU
		{732062E0-EDD3-3CFC-1BA1-A10FA40D2622}.Release|Any CPU.Build.0 = Release|Any CPU
		{FBC0C648-B24C-4E59-A40F-27488D71E62C}.Debug|Any CPU.ActiveCfg = Debug|Any CPU
		{FBC0C648-B24C-4E59-A40F-27488D71E62C}.Debug|Any CPU.Build.0 = Debug|Any CPU
		{FBC0C648-B24C-4E59-A40F-27488D71E62C}.Release|Any CPU.ActiveCfg = Release|Any CPU
		{FBC0C648-B24C-4E59-A40F-27488D71E62C}.Release|Any CPU.Build.0 = Release|Any CPU
		{77189EBA-C7BE-6C01-24CF-62DD62E8A03A}.Debug|Any CPU.ActiveCfg = Debug|Any CPU
		{77189EBA-C7BE-6C01-24CF-62DD62E8A03A}.Debug|Any CPU.Build.0 = Debug|Any CPU
		{77189EBA-C7BE-6C01-24CF-62DD62E8A03A}.Release|Any CPU.ActiveCfg = Release|Any CPU
		{77189EBA-C7BE-6C01-24CF-62DD62E8A03A}.Release|Any CPU.Build.0 = Release|Any CPU
		{DBC729DD-3368-DC61-6288-7158743E69AF}.Debug|Any CPU.ActiveCfg = Debug|Any CPU
		{DBC729DD-3368-DC61-6288-7158743E69AF}.Debug|Any CPU.Build.0 = Debug|Any CPU
		{DBC729DD-3368-DC61-6288-7158743E69AF}.Release|Any CPU.ActiveCfg = Release|Any CPU
		{DBC729DD-3368-DC61-6288-7158743E69AF}.Release|Any CPU.Build.0 = Release|Any CPU
		{FD3366AD-A996-FFD3-5836-5C997307E72D}.Debug|Any CPU.ActiveCfg = Debug|Any CPU
		{FD3366AD-A996-FFD3-5836-5C997307E72D}.Debug|Any CPU.Build.0 = Debug|Any CPU
		{FD3366AD-A996-FFD3-5836-5C997307E72D}.Release|Any CPU.ActiveCfg = Release|Any CPU
		{FD3366AD-A996-FFD3-5836-5C997307E72D}.Release|Any CPU.Build.0 = Release|Any CPU
		{548F9283-948E-A225-25F9-E626DB27587A}.Debug|Any CPU.ActiveCfg = Debug|Any CPU
		{548F9283-948E-A225-25F9-E626DB27587A}.Debug|Any CPU.Build.0 = Debug|Any CPU
		{548F9283-948E-A225-25F9-E626DB27587A}.Release|Any CPU.ActiveCfg = Release|Any CPU
		{548F9283-948E-A225-25F9-E626DB27587A}.Release|Any CPU.Build.0 = Release|Any CPU
		{6C3B0EEA-CDD2-D218-9767-4A5E923F295A}.Debug|Any CPU.ActiveCfg = Debug|Any CPU
		{6C3B0EEA-CDD2-D218-9767-4A5E923F295A}.Debug|Any CPU.Build.0 = Debug|Any CPU
		{6C3B0EEA-CDD2-D218-9767-4A5E923F295A}.Release|Any CPU.ActiveCfg = Release|Any CPU
		{6C3B0EEA-CDD2-D218-9767-4A5E923F295A}.Release|Any CPU.Build.0 = Release|Any CPU
		{F44780F7-551C-E783-2931-EE3C3B5B380D}.Debug|Any CPU.ActiveCfg = Debug|Any CPU
		{F44780F7-551C-E783-2931-EE3C3B5B380D}.Debug|Any CPU.Build.0 = Debug|Any CPU
		{F44780F7-551C-E783-2931-EE3C3B5B380D}.Release|Any CPU.ActiveCfg = Release|Any CPU
		{F44780F7-551C-E783-2931-EE3C3B5B380D}.Release|Any CPU.Build.0 = Release|Any CPU
		{40CD644D-3035-EC55-1DC4-D27A21AF979E}.Debug|Any CPU.ActiveCfg = Debug|Any CPU
		{40CD644D-3035-EC55-1DC4-D27A21AF979E}.Debug|Any CPU.Build.0 = Debug|Any CPU
		{40CD644D-3035-EC55-1DC4-D27A21AF979E}.Release|Any CPU.ActiveCfg = Release|Any CPU
		{40CD644D-3035-EC55-1DC4-D27A21AF979E}.Release|Any CPU.Build.0 = Release|Any CPU
		{3D9D340C-E529-03EC-30B6-2BE0E5C59B5C}.Debug|Any CPU.ActiveCfg = Debug|Any CPU
		{3D9D340C-E529-03EC-30B6-2BE0E5C59B5C}.Debug|Any CPU.Build.0 = Debug|Any CPU
		{3D9D340C-E529-03EC-30B6-2BE0E5C59B5C}.Release|Any CPU.ActiveCfg = Release|Any CPU
		{3D9D340C-E529-03EC-30B6-2BE0E5C59B5C}.Release|Any CPU.Build.0 = Release|Any CPU
		{1BAA2EA3-D65E-9A62-83DA-2F5A7CBC377A}.Debug|Any CPU.ActiveCfg = Debug|Any CPU
		{1BAA2EA3-D65E-9A62-83DA-2F5A7CBC377A}.Debug|Any CPU.Build.0 = Debug|Any CPU
		{1BAA2EA3-D65E-9A62-83DA-2F5A7CBC377A}.Release|Any CPU.ActiveCfg = Release|Any CPU
		{1BAA2EA3-D65E-9A62-83DA-2F5A7CBC377A}.Release|Any CPU.Build.0 = Release|Any CPU
		{66762DAD-7371-5788-D93C-15E0C38463AC}.Debug|Any CPU.ActiveCfg = Debug|Any CPU
		{66762DAD-7371-5788-D93C-15E0C38463AC}.Debug|Any CPU.Build.0 = Debug|Any CPU
		{66762DAD-7371-5788-D93C-15E0C38463AC}.Release|Any CPU.ActiveCfg = Release|Any CPU
		{66762DAD-7371-5788-D93C-15E0C38463AC}.Release|Any CPU.Build.0 = Release|Any CPU
	EndGlobalSection
	GlobalSection(SolutionProperties) = preSolution
		HideSolutionNode = FALSE
	EndGlobalSection
	GlobalSection(NestedProjects) = preSolution
		{D08809BC-D4C3-F7C8-1C00-151CA8C6E504} = {5D20AA90-6969-D8BD-9DCD-8634F4692FDA}
		{0D10989D-058E-5684-7828-C5A12A0DC0C2} = {827E0CD3-B72D-47B6-A68D-7590B98EB39B}
		{B955861A-DDDE-0D3F-B0AC-3D6CAA95A0A5} = {827E0CD3-B72D-47B6-A68D-7590B98EB39B}
		{F53C10BF-CA07-E529-9C4F-A0D48AC6E6AF} = {827E0CD3-B72D-47B6-A68D-7590B98EB39B}
		{976208D5-4A7F-9323-4BF5-26868473B754} = {827E0CD3-B72D-47B6-A68D-7590B98EB39B}
		{021B3002-EF74-E482-E831-4E942A17327F} = {827E0CD3-B72D-47B6-A68D-7590B98EB39B}
		{904FF6F2-0322-9B85-7FBA-C512196D72C2} = {827E0CD3-B72D-47B6-A68D-7590B98EB39B}
		{7DB5B9ED-419E-F8ED-8D12-2F7FA736F108} = {827E0CD3-B72D-47B6-A68D-7590B98EB39B}
		{3C67C7FD-1B4C-E8C0-34BD-8F9C1D4F053D} = {827E0CD3-B72D-47B6-A68D-7590B98EB39B}
		{CC2F012D-2725-FA2C-85AF-B29C703ADA7C} = {827E0CD3-B72D-47B6-A68D-7590B98EB39B}
		{F3245D5C-E9CB-9CD4-F4DE-D04BE5FDFC6E} = {0C88DD14-F956-CE84-757C-A364CCF449FC}
		{9D485CC6-B8F6-167C-4FC4-EF48542A18BA} = {0C88DD14-F956-CE84-757C-A364CCF449FC}
		{DFA4172D-7457-A613-E1D1-637955249FDF} = {0C88DD14-F956-CE84-757C-A364CCF449FC}
		{5AD72915-9BA6-819F-17E5-09755D78706B} = {0C88DD14-F956-CE84-757C-A364CCF449FC}
		{3EEC1355-497C-082E-40AD-D77E7453BE43} = {0C88DD14-F956-CE84-757C-A364CCF449FC}
		{B4875CD8-40DD-CE8A-F332-4701162AE7CC} = {0C88DD14-F956-CE84-757C-A364CCF449FC}
		{36D0DA48-CC1F-2986-5EA5-2876A2367A5A} = {0C88DD14-F956-CE84-757C-A364CCF449FC}
		{C3C130B5-2C3F-D4B2-E3F3-EC385075C7AB} = {7525B257-249C-EE79-B10A-65D0BC27ABA9}
		{4F21FD48-C11F-D5EF-ADE2-1691A92E45C5} = {C3C130B5-2C3F-D4B2-E3F3-EC385075C7AB}
		{4D60202A-EA20-C636-0998-F70647FE3443} = {5D20AA90-6969-D8BD-9DCD-8634F4692FDA}
		{16A9239C-ADC1-B9FA-8C50-081E2A420B5B} = {4D60202A-EA20-C636-0998-F70647FE3443}
		{6ECA1F1C-214B-BB97-27D7-319C7F1AD90F} = {4D60202A-EA20-C636-0998-F70647FE3443}
		{90FE21BE-F292-A973-D281-9D4DC81CEB6F} = {4D60202A-EA20-C636-0998-F70647FE3443}
		{8E145179-864B-8E51-B854-ACF2C62D562F} = {5D20AA90-6969-D8BD-9DCD-8634F4692FDA}
		{9CEBB587-18F1-D50F-52CB-2D9C879D0A89} = {8E145179-864B-8E51-B854-ACF2C62D562F}
		{D3C37DE2-4669-7ECB-A0BD-822CC36A603F} = {8E145179-864B-8E51-B854-ACF2C62D562F}
		{5715184D-1300-3618-330F-0E22ED7B1ADA} = {8E145179-864B-8E51-B854-ACF2C62D562F}
		{225877F4-7ED7-6BAE-8357-39C27F3487E1} = {5D20AA90-6969-D8BD-9DCD-8634F4692FDA}
		{C933B132-CA96-B90E-C0C4-4E66251997D4} = {225877F4-7ED7-6BAE-8357-39C27F3487E1}
		{3765973D-97FF-B362-2867-ABE8473A7187} = {225877F4-7ED7-6BAE-8357-39C27F3487E1}
		{86814300-B764-EB1D-C84D-ADAEF46AE2D6} = {225877F4-7ED7-6BAE-8357-39C27F3487E1}
		{F3642508-64A7-0C2E-6595-139D61E50AE0} = {5D20AA90-6969-D8BD-9DCD-8634F4692FDA}
		{64B09008-C9CB-BAEC-2AE1-616E6BE9880B} = {F3642508-64A7-0C2E-6595-139D61E50AE0}
		{829D7EBE-3B2A-5477-F121-90BD3F3F88AB} = {5D20AA90-6969-D8BD-9DCD-8634F4692FDA}
		{B447F0F6-B232-D326-334B-0095BA74F988} = {829D7EBE-3B2A-5477-F121-90BD3F3F88AB}
		{4A2022AB-1ECE-E630-FD48-DD045DB4DD9F} = {829D7EBE-3B2A-5477-F121-90BD3F3F88AB}
		{0ED8A308-64C3-18EF-9A3A-C3C73DE39227} = {5D20AA90-6969-D8BD-9DCD-8634F4692FDA}
		{4FDC313D-1CF6-B330-3340-D3A2A4B729CE} = {0ED8A308-64C3-18EF-9A3A-C3C73DE39227}
		{2A17C764-A4BE-B144-2B67-42F7F5424790} = {0ED8A308-64C3-18EF-9A3A-C3C73DE39227}
		{8F40BFC4-3E93-4434-BC26-564ED79040ED} = {0ED8A308-64C3-18EF-9A3A-C3C73DE39227}
		{001BF7F2-E449-E8D7-0203-2BB6ED5F3308} = {0ED8A308-64C3-18EF-9A3A-C3C73DE39227}
		{1AFEAC10-AAE3-4B95-9B77-C1FA491285AF} = {5D20AA90-6969-D8BD-9DCD-8634F4692FDA}
		{732062E0-EDD3-3CFC-1BA1-A10FA40D2622} = {1AFEAC10-AAE3-4B95-9B77-C1FA491285AF}
		{FBC0C648-B24C-4E59-A40F-27488D71E62C} = {1AFEAC10-AAE3-4B95-9B77-C1FA491285AF}
		{77189EBA-C7BE-6C01-24CF-62DD62E8A03A} = {1AFEAC10-AAE3-4B95-9B77-C1FA491285AF}
		{DBC729DD-3368-DC61-6288-7158743E69AF} = {1AFEAC10-AAE3-4B95-9B77-C1FA491285AF}
		{F3248EA8-96B9-1B1F-8FA1-67D30F003377} = {5D20AA90-6969-D8BD-9DCD-8634F4692FDA}
		{FD3366AD-A996-FFD3-5836-5C997307E72D} = {F3248EA8-96B9-1B1F-8FA1-67D30F003377}
		{548F9283-948E-A225-25F9-E626DB27587A} = {F3248EA8-96B9-1B1F-8FA1-67D30F003377}
		{8F39075E-3C37-879A-6D9E-EF2C15DBB237} = {5D20AA90-6969-D8BD-9DCD-8634F4692FDA}
		{6C3B0EEA-CDD2-D218-9767-4A5E923F295A} = {8F39075E-3C37-879A-6D9E-EF2C15DBB237}
		{F44780F7-551C-E783-2931-EE3C3B5B380D} = {8F39075E-3C37-879A-6D9E-EF2C15DBB237}
		{40CD644D-3035-EC55-1DC4-D27A21AF979E} = {8F39075E-3C37-879A-6D9E-EF2C15DBB237}
		{95FB68F2-2C6E-CBD9-FDFD-45752B635FB2} = {5D20AA90-6969-D8BD-9DCD-8634F4692FDA}
		{3D9D340C-E529-03EC-30B6-2BE0E5C59B5C} = {95FB68F2-2C6E-CBD9-FDFD-45752B635FB2}
		{1BAA2EA3-D65E-9A62-83DA-2F5A7CBC377A} = {95FB68F2-2C6E-CBD9-FDFD-45752B635FB2}
		{66762DAD-7371-5788-D93C-15E0C38463AC} = {95FB68F2-2C6E-CBD9-FDFD-45752B635FB2}
	EndGlobalSection
	GlobalSection(ExtensibilityGlobals) = postSolution
		SolutionGuid = {D6B8DF4A-A4CD-435C-B24C-BD7C59B99089}
	EndGlobalSection
EndGlobal
